
Microsoft Visual Studio Solution File, Format Version 12.00
# Visual Studio Version 16
VisualStudioVersion = 16.0.29709.97
MinimumVisualStudioVersion = 10.0.40219.1
Project("{FAE04EC0-301F-11D3-BF4B-00C04F79EFBC}") = "Pr_01_task_01", "Pr_01_task_01\Pr_01_task_01.csproj", "{23F44208-6452-4428-A8A9-44DBA71E4B03}"
EndProject
Project("{FAE04EC0-301F-11D3-BF4B-00C04F79EFBC}") = "Pr_01_task_02", "Pr_01_task_02\Pr_01_task_02.csproj", "{9972F820-0ADD-478F-8529-CA7C012D64CE}"
EndProject
Project("{FAE04EC0-301F-11D3-BF4B-00C04F79EFBC}") = "Pr_01_task_03", "Pr_01_task_03\Pr_01_task_03.csproj", "{1BB14E5C-8B16-4396-B2A0-4812BE2C7A3A}"
EndProject
Project("{FAE04EC0-301F-11D3-BF4B-00C04F79EFBC}") = "Pr_01_task_05", "Pr_01_task_05\Pr_01_task_05.csproj", "{E5A5E42E-4297-4697-ADE2-BD27E85AD23E}"
EndProject
Project("{FAE04EC0-301F-11D3-BF4B-00C04F79EFBC}") = "Pr_01_Task_09", "Pr_01_Task_09\Pr_01_Task_09.csproj", "{249C607F-00BA-42A4-AD86-E0F2D9E82C79}"
EndProject
Project("{FAE04EC0-301F-11D3-BF4B-00C04F79EFBC}") = "Pr_01_task_14", "Pr_01_task_14\Pr_01_task_14.csproj", "{7C9F62F7-4E6B-4791-BBAA-5E67469776EF}"
EndProject
Project("{FAE04EC0-301F-11D3-BF4B-00C04F79EFBC}") = "Pr_01_task_15", "Pr_01_task_15\Pr_01_task_15.csproj", "{4BD66956-C3F9-475F-811D-4F0303F399C4}"
EndProject
Project("{FAE04EC0-301F-11D3-BF4B-00C04F79EFBC}") = "Pr_01_task_16", "Pr_01_task_16\Pr_01_task_16.csproj", "{22B87AC5-CBD8-4DCD-86D3-7E464A468006}"
EndProject
Project("{FAE04EC0-301F-11D3-BF4B-00C04F79EFBC}") = "Pr_02_task_01", "Pr_02_task_01\Pr_02_task_01.csproj", "{1E6DEAE2-3E01-412C-B4C4-F07512A5F5E7}"
EndProject
Project("{FAE04EC0-301F-11D3-BF4B-00C04F79EFBC}") = "Pr_02_task_02", "Pr_02_task_02\Pr_02_task_02.csproj", "{430E9C2F-BAE4-42FD-AE07-B6B9AF8B5A5D}"
EndProject
Project("{FAE04EC0-301F-11D3-BF4B-00C04F79EFBC}") = "Pr_02_task_03", "Pr_02_task_03\Pr_02_task_03.csproj", "{EE6BBB39-54E5-4D07-91B1-0E679D6582B6}"
EndProject
Project("{FAE04EC0-301F-11D3-BF4B-00C04F79EFBC}") = "Pr_02_task_10", "Pr_02_task_10\Pr_02_task_10.csproj", "{6F4781D2-B15A-4605-9F74-3627F0B65FFC}"
EndProject
Project("{FAE04EC0-301F-11D3-BF4B-00C04F79EFBC}") = "Pr_02_task_11", "Pr_01_task_11\Pr_02_task_11.csproj", "{6586FCEC-3C1B-4EC4-8D52-ACD564403912}"
EndProject
Project("{FAE04EC0-301F-11D3-BF4B-00C04F79EFBC}") = "Pr_02_task_12", "Pr_02_task_12\Pr_02_task_12.csproj", "{66B119A7-7628-4B6B-BC55-E7F0E3ABB154}"
EndProject
Project("{FAE04EC0-301F-11D3-BF4B-00C04F79EFBC}") = "Pr_02_task_15", "Pr_02_task_15\Pr_02_task_15.csproj", "{AFB7D07D-4D12-4277-868E-15EC53601084}"
EndProject
Project("{FAE04EC0-301F-11D3-BF4B-00C04F79EFBC}") = "Pr_03_task_1", "Pr_03_task_1\Pr_03_task_1.csproj", "{037B2CB0-1B0B-46DE-89D8-E0F11A546173}"
EndProject
Project("{FAE04EC0-301F-11D3-BF4B-00C04F79EFBC}") = "Pr_03_task_2", "Pr_03_task_2\Pr_03_task_2.csproj", "{863A7FE3-8512-412A-BCB3-0126D0DA3BB0}"
EndProject
Project("{FAE04EC0-301F-11D3-BF4B-00C04F79EFBC}") = "Pr_03_task_6", "Pr_03_task_6\Pr_03_task_6.csproj", "{0FCBE95A-EC35-4913-B5D7-5985ACD6726D}"
EndProject
Project("{FAE04EC0-301F-11D3-BF4B-00C04F79EFBC}") = "Pr_03_task_7", "Pr_03_task_7\Pr_03_task_7.csproj", "{D3168EA2-71C7-4080-9015-C6C45635E67D}"
EndProject
Global
	GlobalSection(SolutionConfigurationPlatforms) = preSolution
		Debug|Any CPU = Debug|Any CPU
		Release|Any CPU = Release|Any CPU
	EndGlobalSection
	GlobalSection(ProjectConfigurationPlatforms) = postSolution
		{23F44208-6452-4428-A8A9-44DBA71E4B03}.Debug|Any CPU.ActiveCfg = Debug|Any CPU
		{23F44208-6452-4428-A8A9-44DBA71E4B03}.Debug|Any CPU.Build.0 = Debug|Any CPU
		{23F44208-6452-4428-A8A9-44DBA71E4B03}.Release|Any CPU.ActiveCfg = Release|Any CPU
		{23F44208-6452-4428-A8A9-44DBA71E4B03}.Release|Any CPU.Build.0 = Release|Any CPU
		{9972F820-0ADD-478F-8529-CA7C012D64CE}.Debug|Any CPU.ActiveCfg = Debug|Any CPU
		{9972F820-0ADD-478F-8529-CA7C012D64CE}.Debug|Any CPU.Build.0 = Debug|Any CPU
		{9972F820-0ADD-478F-8529-CA7C012D64CE}.Release|Any CPU.ActiveCfg = Release|Any CPU
		{9972F820-0ADD-478F-8529-CA7C012D64CE}.Release|Any CPU.Build.0 = Release|Any CPU
		{1BB14E5C-8B16-4396-B2A0-4812BE2C7A3A}.Debug|Any CPU.ActiveCfg = Debug|Any CPU
		{1BB14E5C-8B16-4396-B2A0-4812BE2C7A3A}.Debug|Any CPU.Build.0 = Debug|Any CPU
		{1BB14E5C-8B16-4396-B2A0-4812BE2C7A3A}.Release|Any CPU.ActiveCfg = Release|Any CPU
		{1BB14E5C-8B16-4396-B2A0-4812BE2C7A3A}.Release|Any CPU.Build.0 = Release|Any CPU
		{E5A5E42E-4297-4697-ADE2-BD27E85AD23E}.Debug|Any CPU.ActiveCfg = Debug|Any CPU
		{E5A5E42E-4297-4697-ADE2-BD27E85AD23E}.Debug|Any CPU.Build.0 = Debug|Any CPU
		{E5A5E42E-4297-4697-ADE2-BD27E85AD23E}.Release|Any CPU.ActiveCfg = Release|Any CPU
		{E5A5E42E-4297-4697-ADE2-BD27E85AD23E}.Release|Any CPU.Build.0 = Release|Any CPU
		{249C607F-00BA-42A4-AD86-E0F2D9E82C79}.Debug|Any CPU.ActiveCfg = Debug|Any CPU
		{249C607F-00BA-42A4-AD86-E0F2D9E82C79}.Debug|Any CPU.Build.0 = Debug|Any CPU
		{249C607F-00BA-42A4-AD86-E0F2D9E82C79}.Release|Any CPU.ActiveCfg = Release|Any CPU
		{249C607F-00BA-42A4-AD86-E0F2D9E82C79}.Release|Any CPU.Build.0 = Release|Any CPU
		{7C9F62F7-4E6B-4791-BBAA-5E67469776EF}.Debug|Any CPU.ActiveCfg = Debug|Any CPU
		{7C9F62F7-4E6B-4791-BBAA-5E67469776EF}.Debug|Any CPU.Build.0 = Debug|Any CPU
		{7C9F62F7-4E6B-4791-BBAA-5E67469776EF}.Release|Any CPU.ActiveCfg = Release|Any CPU
		{7C9F62F7-4E6B-4791-BBAA-5E67469776EF}.Release|Any CPU.Build.0 = Release|Any CPU
		{4BD66956-C3F9-475F-811D-4F0303F399C4}.Debug|Any CPU.ActiveCfg = Debug|Any CPU
		{4BD66956-C3F9-475F-811D-4F0303F399C4}.Debug|Any CPU.Build.0 = Debug|Any CPU
		{4BD66956-C3F9-475F-811D-4F0303F399C4}.Release|Any CPU.ActiveCfg = Release|Any CPU
		{4BD66956-C3F9-475F-811D-4F0303F399C4}.Release|Any CPU.Build.0 = Release|Any CPU
		{22B87AC5-CBD8-4DCD-86D3-7E464A468006}.Debug|Any CPU.ActiveCfg = Debug|Any CPU
		{22B87AC5-CBD8-4DCD-86D3-7E464A468006}.Debug|Any CPU.Build.0 = Debug|Any CPU
		{22B87AC5-CBD8-4DCD-86D3-7E464A468006}.Release|Any CPU.ActiveCfg = Release|Any CPU
		{22B87AC5-CBD8-4DCD-86D3-7E464A468006}.Release|Any CPU.Build.0 = Release|Any CPU
		{1E6DEAE2-3E01-412C-B4C4-F07512A5F5E7}.Debug|Any CPU.ActiveCfg = Debug|Any CPU
		{1E6DEAE2-3E01-412C-B4C4-F07512A5F5E7}.Debug|Any CPU.Build.0 = Debug|Any CPU
		{1E6DEAE2-3E01-412C-B4C4-F07512A5F5E7}.Release|Any CPU.ActiveCfg = Release|Any CPU
		{1E6DEAE2-3E01-412C-B4C4-F07512A5F5E7}.Release|Any CPU.Build.0 = Release|Any CPU
		{430E9C2F-BAE4-42FD-AE07-B6B9AF8B5A5D}.Debug|Any CPU.ActiveCfg = Debug|Any CPU
		{430E9C2F-BAE4-42FD-AE07-B6B9AF8B5A5D}.Debug|Any CPU.Build.0 = Debug|Any CPU
		{430E9C2F-BAE4-42FD-AE07-B6B9AF8B5A5D}.Release|Any CPU.ActiveCfg = Release|Any CPU
		{430E9C2F-BAE4-42FD-AE07-B6B9AF8B5A5D}.Release|Any CPU.Build.0 = Release|Any CPU
		{EE6BBB39-54E5-4D07-91B1-0E679D6582B6}.Debug|Any CPU.ActiveCfg = Debug|Any CPU
		{EE6BBB39-54E5-4D07-91B1-0E679D6582B6}.Debug|Any CPU.Build.0 = Debug|Any CPU
		{EE6BBB39-54E5-4D07-91B1-0E679D6582B6}.Release|Any CPU.ActiveCfg = Release|Any CPU
		{EE6BBB39-54E5-4D07-91B1-0E679D6582B6}.Release|Any CPU.Build.0 = Release|Any CPU
		{6F4781D2-B15A-4605-9F74-3627F0B65FFC}.Debug|Any CPU.ActiveCfg = Debug|Any CPU
		{6F4781D2-B15A-4605-9F74-3627F0B65FFC}.Debug|Any CPU.Build.0 = Debug|Any CPU
		{6F4781D2-B15A-4605-9F74-3627F0B65FFC}.Release|Any CPU.ActiveCfg = Release|Any CPU
		{6F4781D2-B15A-4605-9F74-3627F0B65FFC}.Release|Any CPU.Build.0 = Release|Any CPU
		{6586FCEC-3C1B-4EC4-8D52-ACD564403912}.Debug|Any CPU.ActiveCfg = Debug|Any CPU
		{6586FCEC-3C1B-4EC4-8D52-ACD564403912}.Debug|Any CPU.Build.0 = Debug|Any CPU
		{6586FCEC-3C1B-4EC4-8D52-ACD564403912}.Release|Any CPU.ActiveCfg = Release|Any CPU
		{6586FCEC-3C1B-4EC4-8D52-ACD564403912}.Release|Any CPU.Build.0 = Release|Any CPU
		{66B119A7-7628-4B6B-BC55-E7F0E3ABB154}.Debug|Any CPU.ActiveCfg = Debug|Any CPU
		{66B119A7-7628-4B6B-BC55-E7F0E3ABB154}.Debug|Any CPU.Build.0 = Debug|Any CPU
		{66B119A7-7628-4B6B-BC55-E7F0E3ABB154}.Release|Any CPU.ActiveCfg = Release|Any CPU
		{66B119A7-7628-4B6B-BC55-E7F0E3ABB154}.Release|Any CPU.Build.0 = Release|Any CPU
		{AFB7D07D-4D12-4277-868E-15EC53601084}.Debug|Any CPU.ActiveCfg = Debug|Any CPU
		{AFB7D07D-4D12-4277-868E-15EC53601084}.Debug|Any CPU.Build.0 = Debug|Any CPU
		{AFB7D07D-4D12-4277-868E-15EC53601084}.Release|Any CPU.ActiveCfg = Release|Any CPU
		{AFB7D07D-4D12-4277-868E-15EC53601084}.Release|Any CPU.Build.0 = Release|Any CPU
		{037B2CB0-1B0B-46DE-89D8-E0F11A546173}.Debug|Any CPU.ActiveCfg = Debug|Any CPU
		{037B2CB0-1B0B-46DE-89D8-E0F11A546173}.Debug|Any CPU.Build.0 = Debug|Any CPU
		{037B2CB0-1B0B-46DE-89D8-E0F11A546173}.Release|Any CPU.ActiveCfg = Release|Any CPU
		{037B2CB0-1B0B-46DE-89D8-E0F11A546173}.Release|Any CPU.Build.0 = Release|Any CPU
		{863A7FE3-8512-412A-BCB3-0126D0DA3BB0}.Debug|Any CPU.ActiveCfg = Debug|Any CPU
		{863A7FE3-8512-412A-BCB3-0126D0DA3BB0}.Debug|Any CPU.Build.0 = Debug|Any CPU
		{863A7FE3-8512-412A-BCB3-0126D0DA3BB0}.Release|Any CPU.ActiveCfg = Release|Any CPU
		{863A7FE3-8512-412A-BCB3-0126D0DA3BB0}.Release|Any CPU.Build.0 = Release|Any CPU
		{0FCBE95A-EC35-4913-B5D7-5985ACD6726D}.Debug|Any CPU.ActiveCfg = Debug|Any CPU
		{0FCBE95A-EC35-4913-B5D7-5985ACD6726D}.Debug|Any CPU.Build.0 = Debug|Any CPU
		{0FCBE95A-EC35-4913-B5D7-5985ACD6726D}.Release|Any CPU.ActiveCfg = Release|Any CPU
		{0FCBE95A-EC35-4913-B5D7-5985ACD6726D}.Release|Any CPU.Build.0 = Release|Any CPU
		{D3168EA2-71C7-4080-9015-C6C45635E67D}.Debug|Any CPU.ActiveCfg = Debug|Any CPU
		{D3168EA2-71C7-4080-9015-C6C45635E67D}.Debug|Any CPU.Build.0 = Debug|Any CPU
		{D3168EA2-71C7-4080-9015-C6C45635E67D}.Release|Any CPU.ActiveCfg = Release|Any CPU
		{D3168EA2-71C7-4080-9015-C6C45635E67D}.Release|Any CPU.Build.0 = Release|Any CPU
	EndGlobalSection
	GlobalSection(SolutionProperties) = preSolution
		HideSolutionNode = FALSE
	EndGlobalSection
	GlobalSection(ExtensibilityGlobals) = postSolution
		SolutionGuid = {A48DBCAD-CABD-4A65-BF8B-6774B95DB1D0}
	EndGlobalSection
EndGlobal
