
Microsoft Visual Studio Solution File, Format Version 12.00
# Visual Studio Version 16
VisualStudioVersion = 16.0.29709.97
MinimumVisualStudioVersion = 10.0.40219.1
Project("{FAE04EC0-301F-11D3-BF4B-00C04F79EFBC}") = "Pr_01_task_01", "Pr_01_task_01\Pr_01_task_01.csproj", "{23F44208-6452-4428-A8A9-44DBA71E4B03}"
EndProject
Project("{FAE04EC0-301F-11D3-BF4B-00C04F79EFBC}") = "Pr_01_task_02", "Pr_01_task_02\Pr_01_task_02.csproj", "{9972F820-0ADD-478F-8529-CA7C012D64CE}"
EndProject
Project("{FAE04EC0-301F-11D3-BF4B-00C04F79EFBC}") = "Pr_01_task_03", "Pr_01_task_03\Pr_01_task_03.csproj", "{1BB14E5C-8B16-4396-B2A0-4812BE2C7A3A}"
EndProject
Project("{FAE04EC0-301F-11D3-BF4B-00C04F79EFBC}") = "Pr_01_task_05", "Pr_01_task_05\Pr_01_task_05.csproj", "{E5A5E42E-4297-4697-ADE2-BD27E85AD23E}"
EndProject
Project("{FAE04EC0-301F-11D3-BF4B-00C04F79EFBC}") = "Pr_01_Task_09", "Pr_01_Task_09\Pr_01_Task_09.csproj", "{249C607F-00BA-42A4-AD86-E0F2D9E82C79}"
EndProject
Project("{FAE04EC0-301F-11D3-BF4B-00C04F79EFBC}") = "Pr_01_task_14", "Pr_01_task_14\Pr_01_task_14.csproj", "{7C9F62F7-4E6B-4791-BBAA-5E67469776EF}"
EndProject
Project("{FAE04EC0-301F-11D3-BF4B-00C04F79EFBC}") = "Pr_01_task_15", "Pr_01_task_15\Pr_01_task_15.csproj", "{4BD66956-C3F9-475F-811D-4F0303F399C4}"
EndProject
Project("{FAE04EC0-301F-11D3-BF4B-00C04F79EFBC}") = "Pr_01_task_16", "Pr_01_task_16\Pr_01_task_16.csproj", "{22B87AC5-CBD8-4DCD-86D3-7E464A468006}"
EndProject
Project("{FAE04EC0-301F-11D3-BF4B-00C04F79EFBC}") = "Pr_02_task_01", "Pr_02_task_01\Pr_02_task_01.csproj", "{1E6DEAE2-3E01-412C-B4C4-F07512A5F5E7}"
EndProject
Project("{FAE04EC0-301F-11D3-BF4B-00C04F79EFBC}") = "Pr_02_task_02", "Pr_02_task_02\Pr_02_task_02.csproj", "{430E9C2F-BAE4-42FD-AE07-B6B9AF8B5A5D}"
EndProject
Project("{FAE04EC0-301F-11D3-BF4B-00C04F79EFBC}") = "Pr_02_task_03", "Pr_02_task_03\Pr_02_task_03.csproj", "{EE6BBB39-54E5-4D07-91B1-0E679D6582B6}"
EndProject
Project("{FAE04EC0-301F-11D3-BF4B-00C04F79EFBC}") = "Pr_02_task_10", "Pr_02_task_10\Pr_02_task_10.csproj", "{6F4781D2-B15A-4605-9F74-3627F0B65FFC}"
EndProject
Project("{FAE04EC0-301F-11D3-BF4B-00C04F79EFBC}") = "Pr_02_task_11", "Pr_01_task_11\Pr_02_task_11.csproj", "{6586FCEC-3C1B-4EC4-8D52-ACD564403912}"
EndProject
Project("{FAE04EC0-301F-11D3-BF4B-00C04F79EFBC}") = "Pr_02_task_12", "Pr_02_task_12\Pr_02_task_12.csproj", "{66B119A7-7628-4B6B-BC55-E7F0E3ABB154}"
EndProject
Project("{FAE04EC0-301F-11D3-BF4B-00C04F79EFBC}") = "Pr_02_task_15", "Pr_02_task_15\Pr_02_task_15.csproj", "{AFB7D07D-4D12-4277-868E-15EC53601084}"
EndProject
Project("{FAE04EC0-301F-11D3-BF4B-00C04F79EFBC}") = "Pr_03_task_1", "Pr_03_task_1\Pr_03_task_1.csproj", "{037B2CB0-1B0B-46DE-89D8-E0F11A546173}"
EndProject
Project("{FAE04EC0-301F-11D3-BF4B-00C04F79EFBC}") = "Pr_03_task_2", "Pr_03_task_2\Pr_03_task_2.csproj", "{863A7FE3-8512-412A-BCB3-0126D0DA3BB0}"
EndProject
Project("{FAE04EC0-301F-11D3-BF4B-00C04F79EFBC}") = "Pr_03_task_6", "Pr_03_task_6\Pr_03_task_6.csproj", "{0FCBE95A-EC35-4913-B5D7-5985ACD6726D}"
EndProject
Project("{FAE04EC0-301F-11D3-BF4B-00C04F79EFBC}") = "Pr_03_task_7", "Pr_03_task_7\Pr_03_task_7.csproj", "{D3168EA2-71C7-4080-9015-C6C45635E67D}"
EndProject
Project("{FAE04EC0-301F-11D3-BF4B-00C04F79EFBC}") = "Pr_03_task_12", "Test_Git\Pr_03_task_12.csproj", "{0ABBE4B0-F20C-434D-9C26-68D111EB51BD}"
EndProject
Project("{FAE04EC0-301F-11D3-BF4B-00C04F79EFBC}") = "Pr_03_task_13", "Pr_03_task_13\Pr_03_task_13.csproj", "{3B1D58CE-737B-4D19-B86A-802772ACC019}"
EndProject
Project("{FAE04EC0-301F-11D3-BF4B-00C04F79EFBC}") = "Pr_04_task_01", "Pr_04_task_01\Pr_04_task_01.csproj", "{C72404D8-EE85-492A-9495-F725F6E676CF}"
EndProject
Project("{FAE04EC0-301F-11D3-BF4B-00C04F79EFBC}") = "Pr_04_task_02", "Pr_04_task_02\Pr_04_task_02.csproj", "{D718D7C7-3F46-4606-B612-7CE0F540BECC}"
EndProject
Project("{FAE04EC0-301F-11D3-BF4B-00C04F79EFBC}") = "Pr_04_task_03", "Pr_04_task_03\Pr_04_task_03.csproj", "{44B98A8B-965D-4619-A9D1-792532FC7779}"
EndProject
Project("{FAE04EC0-301F-11D3-BF4B-00C04F79EFBC}") = "Pr_04_task_04", "Pr_04_task_04\Pr_04_task_04.csproj", "{4056C08C-BFDF-46AD-9814-D7CB7AE1C88C}"
EndProject
Project("{FAE04EC0-301F-11D3-BF4B-00C04F79EFBC}") = "Pr_04_task_11", "Pr_04_task_11\Pr_04_task_11.csproj", "{F8B7656C-9DAF-4B0B-8273-2BD2AED00E0D}"
EndProject
Project("{FAE04EC0-301F-11D3-BF4B-00C04F79EFBC}") = "Pr_04_task_15", "Pr_04_task_15\Pr_04_task_15.csproj", "{09268780-458A-43DE-A2FC-E36B8FEA2889}"
EndProject
Project("{FAE04EC0-301F-11D3-BF4B-00C04F79EFBC}") = "Pr_04_task_16", "Pr_04_task_16\Pr_04_task_16.csproj", "{87E5F730-82F9-4E20-AA5B-9AEE79DA9BB3}"
EndProject
Project("{FAE04EC0-301F-11D3-BF4B-00C04F79EFBC}") = "Pr_04_task_17", "Pr_04_task_17\Pr_04_task_17.csproj", "{8B615C0F-DFBF-4DF9-BF9C-C477DB51F2CF}"
EndProject
Project("{FAE04EC0-301F-11D3-BF4B-00C04F79EFBC}") = "Pr_04_task_21", "Pr_04_task_21\Pr_04_task_21.csproj", "{51A20C4B-0CFA-4F4E-9ECC-D604DB0DE5BC}"
EndProject
Project("{FAE04EC0-301F-11D3-BF4B-00C04F79EFBC}") = "Pr_04_task_5", "Pr_04_task_5\Pr_04_task_5.csproj", "{1E7E64EC-0B02-4C35-A28F-ED60A91648C1}"
EndProject
Project("{FAE04EC0-301F-11D3-BF4B-00C04F79EFBC}") = "Pr_05_task_3", "Pr_05_task_3\Pr_05_task_3.csproj", "{99B6215E-0770-4EAF-9C7B-DB3788B9D852}"
EndProject
Project("{FAE04EC0-301F-11D3-BF4B-00C04F79EFBC}") = "Pr_05_task_6", "Pr_05_task_6\Pr_05_task_6.csproj", "{D39229E6-134E-4CE4-884A-5B71DAB466FB}"
EndProject
Global
	GlobalSection(SolutionConfigurationPlatforms) = preSolution
		Debug|Any CPU = Debug|Any CPU
		Release|Any CPU = Release|Any CPU
	EndGlobalSection
	GlobalSection(ProjectConfigurationPlatforms) = postSolution
		{23F44208-6452-4428-A8A9-44DBA71E4B03}.Debug|Any CPU.ActiveCfg = Debug|Any CPU
		{23F44208-6452-4428-A8A9-44DBA71E4B03}.Debug|Any CPU.Build.0 = Debug|Any CPU
		{23F44208-6452-4428-A8A9-44DBA71E4B03}.Release|Any CPU.ActiveCfg = Release|Any CPU
		{23F44208-6452-4428-A8A9-44DBA71E4B03}.Release|Any CPU.Build.0 = Release|Any CPU
		{9972F820-0ADD-478F-8529-CA7C012D64CE}.Debug|Any CPU.ActiveCfg = Debug|Any CPU
		{9972F820-0ADD-478F-8529-CA7C012D64CE}.Debug|Any CPU.Build.0 = Debug|Any CPU
		{9972F820-0ADD-478F-8529-CA7C012D64CE}.Release|Any CPU.ActiveCfg = Release|Any CPU
		{9972F820-0ADD-478F-8529-CA7C012D64CE}.Release|Any CPU.Build.0 = Release|Any CPU
		{1BB14E5C-8B16-4396-B2A0-4812BE2C7A3A}.Debug|Any CPU.ActiveCfg = Debug|Any CPU
		{1BB14E5C-8B16-4396-B2A0-4812BE2C7A3A}.Debug|Any CPU.Build.0 = Debug|Any CPU
		{1BB14E5C-8B16-4396-B2A0-4812BE2C7A3A}.Release|Any CPU.ActiveCfg = Release|Any CPU
		{1BB14E5C-8B16-4396-B2A0-4812BE2C7A3A}.Release|Any CPU.Build.0 = Release|Any CPU
		{E5A5E42E-4297-4697-ADE2-BD27E85AD23E}.Debug|Any CPU.ActiveCfg = Debug|Any CPU
		{E5A5E42E-4297-4697-ADE2-BD27E85AD23E}.Debug|Any CPU.Build.0 = Debug|Any CPU
		{E5A5E42E-4297-4697-ADE2-BD27E85AD23E}.Release|Any CPU.ActiveCfg = Release|Any CPU
		{E5A5E42E-4297-4697-ADE2-BD27E85AD23E}.Release|Any CPU.Build.0 = Release|Any CPU
		{249C607F-00BA-42A4-AD86-E0F2D9E82C79}.Debug|Any CPU.ActiveCfg = Debug|Any CPU
		{249C607F-00BA-42A4-AD86-E0F2D9E82C79}.Debug|Any CPU.Build.0 = Debug|Any CPU
		{249C607F-00BA-42A4-AD86-E0F2D9E82C79}.Release|Any CPU.ActiveCfg = Release|Any CPU
		{249C607F-00BA-42A4-AD86-E0F2D9E82C79}.Release|Any CPU.Build.0 = Release|Any CPU
		{7C9F62F7-4E6B-4791-BBAA-5E67469776EF}.Debug|Any CPU.ActiveCfg = Debug|Any CPU
		{7C9F62F7-4E6B-4791-BBAA-5E67469776EF}.Debug|Any CPU.Build.0 = Debug|Any CPU
		{7C9F62F7-4E6B-4791-BBAA-5E67469776EF}.Release|Any CPU.ActiveCfg = Release|Any CPU
		{7C9F62F7-4E6B-4791-BBAA-5E67469776EF}.Release|Any CPU.Build.0 = Release|Any CPU
		{4BD66956-C3F9-475F-811D-4F0303F399C4}.Debug|Any CPU.ActiveCfg = Debug|Any CPU
		{4BD66956-C3F9-475F-811D-4F0303F399C4}.Debug|Any CPU.Build.0 = Debug|Any CPU
		{4BD66956-C3F9-475F-811D-4F0303F399C4}.Release|Any CPU.ActiveCfg = Release|Any CPU
		{4BD66956-C3F9-475F-811D-4F0303F399C4}.Release|Any CPU.Build.0 = Release|Any CPU
		{22B87AC5-CBD8-4DCD-86D3-7E464A468006}.Debug|Any CPU.ActiveCfg = Debug|Any CPU
		{22B87AC5-CBD8-4DCD-86D3-7E464A468006}.Debug|Any CPU.Build.0 = Debug|Any CPU
		{22B87AC5-CBD8-4DCD-86D3-7E464A468006}.Release|Any CPU.ActiveCfg = Release|Any CPU
		{22B87AC5-CBD8-4DCD-86D3-7E464A468006}.Release|Any CPU.Build.0 = Release|Any CPU
		{1E6DEAE2-3E01-412C-B4C4-F07512A5F5E7}.Debug|Any CPU.ActiveCfg = Debug|Any CPU
		{1E6DEAE2-3E01-412C-B4C4-F07512A5F5E7}.Debug|Any CPU.Build.0 = Debug|Any CPU
		{1E6DEAE2-3E01-412C-B4C4-F07512A5F5E7}.Release|Any CPU.ActiveCfg = Release|Any CPU
		{1E6DEAE2-3E01-412C-B4C4-F07512A5F5E7}.Release|Any CPU.Build.0 = Release|Any CPU
		{430E9C2F-BAE4-42FD-AE07-B6B9AF8B5A5D}.Debug|Any CPU.ActiveCfg = Debug|Any CPU
		{430E9C2F-BAE4-42FD-AE07-B6B9AF8B5A5D}.Debug|Any CPU.Build.0 = Debug|Any CPU
		{430E9C2F-BAE4-42FD-AE07-B6B9AF8B5A5D}.Release|Any CPU.ActiveCfg = Release|Any CPU
		{430E9C2F-BAE4-42FD-AE07-B6B9AF8B5A5D}.Release|Any CPU.Build.0 = Release|Any CPU
		{EE6BBB39-54E5-4D07-91B1-0E679D6582B6}.Debug|Any CPU.ActiveCfg = Debug|Any CPU
		{EE6BBB39-54E5-4D07-91B1-0E679D6582B6}.Debug|Any CPU.Build.0 = Debug|Any CPU
		{EE6BBB39-54E5-4D07-91B1-0E679D6582B6}.Release|Any CPU.ActiveCfg = Release|Any CPU
		{EE6BBB39-54E5-4D07-91B1-0E679D6582B6}.Release|Any CPU.Build.0 = Release|Any CPU
		{6F4781D2-B15A-4605-9F74-3627F0B65FFC}.Debug|Any CPU.ActiveCfg = Debug|Any CPU
		{6F4781D2-B15A-4605-9F74-3627F0B65FFC}.Debug|Any CPU.Build.0 = Debug|Any CPU
		{6F4781D2-B15A-4605-9F74-3627F0B65FFC}.Release|Any CPU.ActiveCfg = Release|Any CPU
		{6F4781D2-B15A-4605-9F74-3627F0B65FFC}.Release|Any CPU.Build.0 = Release|Any CPU
		{6586FCEC-3C1B-4EC4-8D52-ACD564403912}.Debug|Any CPU.ActiveCfg = Debug|Any CPU
		{6586FCEC-3C1B-4EC4-8D52-ACD564403912}.Debug|Any CPU.Build.0 = Debug|Any CPU
		{6586FCEC-3C1B-4EC4-8D52-ACD564403912}.Release|Any CPU.ActiveCfg = Release|Any CPU
		{6586FCEC-3C1B-4EC4-8D52-ACD564403912}.Release|Any CPU.Build.0 = Release|Any CPU
		{66B119A7-7628-4B6B-BC55-E7F0E3ABB154}.Debug|Any CPU.ActiveCfg = Debug|Any CPU
		{66B119A7-7628-4B6B-BC55-E7F0E3ABB154}.Debug|Any CPU.Build.0 = Debug|Any CPU
		{66B119A7-7628-4B6B-BC55-E7F0E3ABB154}.Release|Any CPU.ActiveCfg = Release|Any CPU
		{66B119A7-7628-4B6B-BC55-E7F0E3ABB154}.Release|Any CPU.Build.0 = Release|Any CPU
		{AFB7D07D-4D12-4277-868E-15EC53601084}.Debug|Any CPU.ActiveCfg = Debug|Any CPU
		{AFB7D07D-4D12-4277-868E-15EC53601084}.Debug|Any CPU.Build.0 = Debug|Any CPU
		{AFB7D07D-4D12-4277-868E-15EC53601084}.Release|Any CPU.ActiveCfg = Release|Any CPU
		{AFB7D07D-4D12-4277-868E-15EC53601084}.Release|Any CPU.Build.0 = Release|Any CPU
		{037B2CB0-1B0B-46DE-89D8-E0F11A546173}.Debug|Any CPU.ActiveCfg = Debug|Any CPU
		{037B2CB0-1B0B-46DE-89D8-E0F11A546173}.Debug|Any CPU.Build.0 = Debug|Any CPU
		{037B2CB0-1B0B-46DE-89D8-E0F11A546173}.Release|Any CPU.ActiveCfg = Release|Any CPU
		{037B2CB0-1B0B-46DE-89D8-E0F11A546173}.Release|Any CPU.Build.0 = Release|Any CPU
		{863A7FE3-8512-412A-BCB3-0126D0DA3BB0}.Debug|Any CPU.ActiveCfg = Debug|Any CPU
		{863A7FE3-8512-412A-BCB3-0126D0DA3BB0}.Debug|Any CPU.Build.0 = Debug|Any CPU
		{863A7FE3-8512-412A-BCB3-0126D0DA3BB0}.Release|Any CPU.ActiveCfg = Release|Any CPU
		{863A7FE3-8512-412A-BCB3-0126D0DA3BB0}.Release|Any CPU.Build.0 = Release|Any CPU
		{0FCBE95A-EC35-4913-B5D7-5985ACD6726D}.Debug|Any CPU.ActiveCfg = Debug|Any CPU
		{0FCBE95A-EC35-4913-B5D7-5985ACD6726D}.Debug|Any CPU.Build.0 = Debug|Any CPU
		{0FCBE95A-EC35-4913-B5D7-5985ACD6726D}.Release|Any CPU.ActiveCfg = Release|Any CPU
		{0FCBE95A-EC35-4913-B5D7-5985ACD6726D}.Release|Any CPU.Build.0 = Release|Any CPU
		{D3168EA2-71C7-4080-9015-C6C45635E67D}.Debug|Any CPU.ActiveCfg = Debug|Any CPU
		{D3168EA2-71C7-4080-9015-C6C45635E67D}.Debug|Any CPU.Build.0 = Debug|Any CPU
		{D3168EA2-71C7-4080-9015-C6C45635E67D}.Release|Any CPU.ActiveCfg = Release|Any CPU
		{D3168EA2-71C7-4080-9015-C6C45635E67D}.Release|Any CPU.Build.0 = Release|Any CPU
		{0ABBE4B0-F20C-434D-9C26-68D111EB51BD}.Debug|Any CPU.ActiveCfg = Debug|Any CPU
		{0ABBE4B0-F20C-434D-9C26-68D111EB51BD}.Debug|Any CPU.Build.0 = Debug|Any CPU
		{0ABBE4B0-F20C-434D-9C26-68D111EB51BD}.Release|Any CPU.ActiveCfg = Release|Any CPU
		{0ABBE4B0-F20C-434D-9C26-68D111EB51BD}.Release|Any CPU.Build.0 = Release|Any CPU
		{3B1D58CE-737B-4D19-B86A-802772ACC019}.Debug|Any CPU.ActiveCfg = Debug|Any CPU
		{3B1D58CE-737B-4D19-B86A-802772ACC019}.Debug|Any CPU.Build.0 = Debug|Any CPU
		{3B1D58CE-737B-4D19-B86A-802772ACC019}.Release|Any CPU.ActiveCfg = Release|Any CPU
		{3B1D58CE-737B-4D19-B86A-802772ACC019}.Release|Any CPU.Build.0 = Release|Any CPU
		{C72404D8-EE85-492A-9495-F725F6E676CF}.Debug|Any CPU.ActiveCfg = Debug|Any CPU
		{C72404D8-EE85-492A-9495-F725F6E676CF}.Debug|Any CPU.Build.0 = Debug|Any CPU
		{C72404D8-EE85-492A-9495-F725F6E676CF}.Release|Any CPU.ActiveCfg = Release|Any CPU
		{C72404D8-EE85-492A-9495-F725F6E676CF}.Release|Any CPU.Build.0 = Release|Any CPU
		{D718D7C7-3F46-4606-B612-7CE0F540BECC}.Debug|Any CPU.ActiveCfg = Debug|Any CPU
		{D718D7C7-3F46-4606-B612-7CE0F540BECC}.Debug|Any CPU.Build.0 = Debug|Any CPU
		{D718D7C7-3F46-4606-B612-7CE0F540BECC}.Release|Any CPU.ActiveCfg = Release|Any CPU
		{D718D7C7-3F46-4606-B612-7CE0F540BECC}.Release|Any CPU.Build.0 = Release|Any CPU
		{44B98A8B-965D-4619-A9D1-792532FC7779}.Debug|Any CPU.ActiveCfg = Debug|Any CPU
		{44B98A8B-965D-4619-A9D1-792532FC7779}.Debug|Any CPU.Build.0 = Debug|Any CPU
		{44B98A8B-965D-4619-A9D1-792532FC7779}.Release|Any CPU.ActiveCfg = Release|Any CPU
		{44B98A8B-965D-4619-A9D1-792532FC7779}.Release|Any CPU.Build.0 = Release|Any CPU
		{4056C08C-BFDF-46AD-9814-D7CB7AE1C88C}.Debug|Any CPU.ActiveCfg = Debug|Any CPU
		{4056C08C-BFDF-46AD-9814-D7CB7AE1C88C}.Debug|Any CPU.Build.0 = Debug|Any CPU
		{4056C08C-BFDF-46AD-9814-D7CB7AE1C88C}.Release|Any CPU.ActiveCfg = Release|Any CPU
		{4056C08C-BFDF-46AD-9814-D7CB7AE1C88C}.Release|Any CPU.Build.0 = Release|Any CPU
		{F8B7656C-9DAF-4B0B-8273-2BD2AED00E0D}.Debug|Any CPU.ActiveCfg = Debug|Any CPU
		{F8B7656C-9DAF-4B0B-8273-2BD2AED00E0D}.Debug|Any CPU.Build.0 = Debug|Any CPU
		{F8B7656C-9DAF-4B0B-8273-2BD2AED00E0D}.Release|Any CPU.ActiveCfg = Release|Any CPU
		{F8B7656C-9DAF-4B0B-8273-2BD2AED00E0D}.Release|Any CPU.Build.0 = Release|Any CPU
		{09268780-458A-43DE-A2FC-E36B8FEA2889}.Debug|Any CPU.ActiveCfg = Debug|Any CPU
		{09268780-458A-43DE-A2FC-E36B8FEA2889}.Debug|Any CPU.Build.0 = Debug|Any CPU
		{09268780-458A-43DE-A2FC-E36B8FEA2889}.Release|Any CPU.ActiveCfg = Release|Any CPU
		{09268780-458A-43DE-A2FC-E36B8FEA2889}.Release|Any CPU.Build.0 = Release|Any CPU
		{87E5F730-82F9-4E20-AA5B-9AEE79DA9BB3}.Debug|Any CPU.ActiveCfg = Debug|Any CPU
		{87E5F730-82F9-4E20-AA5B-9AEE79DA9BB3}.Debug|Any CPU.Build.0 = Debug|Any CPU
		{87E5F730-82F9-4E20-AA5B-9AEE79DA9BB3}.Release|Any CPU.ActiveCfg = Release|Any CPU
		{87E5F730-82F9-4E20-AA5B-9AEE79DA9BB3}.Release|Any CPU.Build.0 = Release|Any CPU
		{8B615C0F-DFBF-4DF9-BF9C-C477DB51F2CF}.Debug|Any CPU.ActiveCfg = Debug|Any CPU
		{8B615C0F-DFBF-4DF9-BF9C-C477DB51F2CF}.Debug|Any CPU.Build.0 = Debug|Any CPU
		{8B615C0F-DFBF-4DF9-BF9C-C477DB51F2CF}.Release|Any CPU.ActiveCfg = Release|Any CPU
		{8B615C0F-DFBF-4DF9-BF9C-C477DB51F2CF}.Release|Any CPU.Build.0 = Release|Any CPU
		{51A20C4B-0CFA-4F4E-9ECC-D604DB0DE5BC}.Debug|Any CPU.ActiveCfg = Debug|Any CPU
		{51A20C4B-0CFA-4F4E-9ECC-D604DB0DE5BC}.Debug|Any CPU.Build.0 = Debug|Any CPU
		{51A20C4B-0CFA-4F4E-9ECC-D604DB0DE5BC}.Release|Any CPU.ActiveCfg = Release|Any CPU
		{51A20C4B-0CFA-4F4E-9ECC-D604DB0DE5BC}.Release|Any CPU.Build.0 = Release|Any CPU
		{1E7E64EC-0B02-4C35-A28F-ED60A91648C1}.Debug|Any CPU.ActiveCfg = Debug|Any CPU
		{1E7E64EC-0B02-4C35-A28F-ED60A91648C1}.Debug|Any CPU.Build.0 = Debug|Any CPU
		{1E7E64EC-0B02-4C35-A28F-ED60A91648C1}.Release|Any CPU.ActiveCfg = Release|Any CPU
		{1E7E64EC-0B02-4C35-A28F-ED60A91648C1}.Release|Any CPU.Build.0 = Release|Any CPU
		{99B6215E-0770-4EAF-9C7B-DB3788B9D852}.Debug|Any CPU.ActiveCfg = Debug|Any CPU
		{99B6215E-0770-4EAF-9C7B-DB3788B9D852}.Debug|Any CPU.Build.0 = Debug|Any CPU
		{99B6215E-0770-4EAF-9C7B-DB3788B9D852}.Release|Any CPU.ActiveCfg = Release|Any CPU
		{99B6215E-0770-4EAF-9C7B-DB3788B9D852}.Release|Any CPU.Build.0 = Release|Any CPU
		{D39229E6-134E-4CE4-884A-5B71DAB466FB}.Debug|Any CPU.ActiveCfg = Debug|Any CPU
		{D39229E6-134E-4CE4-884A-5B71DAB466FB}.Debug|Any CPU.Build.0 = Debug|Any CPU
		{D39229E6-134E-4CE4-884A-5B71DAB466FB}.Release|Any CPU.ActiveCfg = Release|Any CPU
		{D39229E6-134E-4CE4-884A-5B71DAB466FB}.Release|Any CPU.Build.0 = Release|Any CPU
	EndGlobalSection
	GlobalSection(SolutionProperties) = preSolution
		HideSolutionNode = FALSE
	EndGlobalSection
	GlobalSection(ExtensibilityGlobals) = postSolution
		SolutionGuid = {A48DBCAD-CABD-4A65-BF8B-6774B95DB1D0}
	EndGlobalSection
EndGlobal
